// !$*UTF8*$!
{
	archiveVersion = 1;
	classes = {
	};
	objectVersion = 54;
	objects = {

/* Begin PBXBuildFile section */
		010EB2B958B94147BBC5D76D /* Inter-ThinItalic-BETA.otf in Resources */ = {isa = PBXBuildFile; fileRef = CE7EF11100C34B15869C725A /* Inter-ThinItalic-BETA.otf */; };
		062CB2016DB24A48BD3D7839 /* Inter-Light-BETA.otf in Resources */ = {isa = PBXBuildFile; fileRef = 713DB0D9ECF74A389F763F1A /* Inter-Light-BETA.otf */; };
		0C80B921A6F3F58F76C31292 /* libPods-Lunara.a in Frameworks */ = {isa = PBXBuildFile; fileRef = 5DCACB8F33CDC322A6C60F78 /* libPods-Lunara.a */; };
		111DD4E9921A44ED8B5CEFEF /* Inter-ExtraLightItalic-BETA.otf in Resources */ = {isa = PBXBuildFile; fileRef = 988E28DB6B56435882B3F618 /* Inter-ExtraLightItalic-BETA.otf */; };
		13B07FBF1A68108700A75B9A /* Images.xcassets in Resources */ = {isa = PBXBuildFile; fileRef = 13B07FB51A68108700A75B9A /* Images.xcassets */; };
		29C8030CE4BD4F72B9D353B6 /* Inter-MediumItalic.otf in Resources */ = {isa = PBXBuildFile; fileRef = 540C56D7328E42F48C03CD12 /* Inter-MediumItalic.otf */; };
		2C59A14660DA48909F5AB55E /* Inter-ExtraLight-BETA.otf in Resources */ = {isa = PBXBuildFile; fileRef = FC786A7F45D34E64887BF2E0 /* Inter-ExtraLight-BETA.otf */; };
		33A2DD5C2889414DB0B5FBC5 /* PlayfairDisplay-MediumItalic.ttf in Resources */ = {isa = PBXBuildFile; fileRef = 4A4F1D54E9C442D4AA0F2E41 /* PlayfairDisplay-MediumItalic.ttf */; };
		34D42116D68C4FE6B4729367 /* Inter-Medium.otf in Resources */ = {isa = PBXBuildFile; fileRef = C2AB525514DF4EB28032521B /* Inter-Medium.otf */; };
		3650846F46E349A89CD4E5BC /* Inter-SemiBold.otf in Resources */ = {isa = PBXBuildFile; fileRef = D10F35B3930B47D7AA363660 /* Inter-SemiBold.otf */; };
		3A50B81DBC2C45438C2FD068 /* Inter-Regular.otf in Resources */ = {isa = PBXBuildFile; fileRef = 8C9914B58DA343AF933A8062 /* Inter-Regular.otf */; };
		418F9B24E4C647378F0253B1 /* PlayfairDisplay-Regular.ttf in Resources */ = {isa = PBXBuildFile; fileRef = A5F344312669489CA373FDEB /* PlayfairDisplay-Regular.ttf */; };
		57449E1640684152A2576453 /* Inter-Italic.otf in Resources */ = {isa = PBXBuildFile; fileRef = 7CAC49034DF841B6B3F08C4A /* Inter-Italic.otf */; };
		5BEF968896C74BE19CD4B40E /* Inter-BlackItalic.otf in Resources */ = {isa = PBXBuildFile; fileRef = 0EFFF468FE88488DB8F23AE1 /* Inter-BlackItalic.otf */; };
		752AA834D0DC4DE583B242C7 /* PlayfairDisplay-ExtraBold.ttf in Resources */ = {isa = PBXBuildFile; fileRef = 4A0A43E84C0B4E71BAF35DC2 /* PlayfairDisplay-ExtraBold.ttf */; };
		75C0CD91DAF843B4AF2F9F48 /* Inter-Bold.otf in Resources */ = {isa = PBXBuildFile; fileRef = B2B81738A770442BB6CF353D /* Inter-Bold.otf */; };
		761780ED2CA45674006654EE /* AppDelegate.swift in Sources */ = {isa = PBXBuildFile; fileRef = 761780EC2CA45674006654EE /* AppDelegate.swift */; };
		7AAA2C179DDF45BF81ED99C1 /* Inter-LightItalic-BETA.otf in Resources */ = {isa = PBXBuildFile; fileRef = 1CEDA5303E60494CB5C69BCD /* Inter-LightItalic-BETA.otf */; };
		81AB9BB82411601600AC10FF /* LaunchScreen.storyboard in Resources */ = {isa = PBXBuildFile; fileRef = 81AB9BB72411601600AC10FF /* LaunchScreen.storyboard */; };
		88488957452D41CCAB98FEB4 /* PlayfairDisplay-BoldItalic.ttf in Resources */ = {isa = PBXBuildFile; fileRef = 88779559CC0046629AF2CBE4 /* PlayfairDisplay-BoldItalic.ttf */; };
		8C1A6F3EC21249BBA6D92F3F /* Inter-Black.otf in Resources */ = {isa = PBXBuildFile; fileRef = FD916450D3FE42F280A9081B /* Inter-Black.otf */; };
		8CDF9A20EF0F4578AA2DFE94 /* PlayfairDisplay-ExtraBoldItalic.ttf in Resources */ = {isa = PBXBuildFile; fileRef = 30973BF730194C20B16C6647 /* PlayfairDisplay-ExtraBoldItalic.ttf */; };
		9432FD6D98394AD591D1117D /* Inter-BoldItalic.otf in Resources */ = {isa = PBXBuildFile; fileRef = B60FEC6AE60D425F8DCD2CF9 /* Inter-BoldItalic.otf */; };
		9DB81A109C7D404AB1633D7F /* PlayfairDisplay-Black.ttf in Resources */ = {isa = PBXBuildFile; fileRef = 6812F93C75D94AB7985B8C2B /* PlayfairDisplay-Black.ttf */; };
		A149CBE4BD1746338C8376C1 /* Inter-SemiBoldItalic.otf in Resources */ = {isa = PBXBuildFile; fileRef = BDC2F6449B9D44C781BAAC5D /* Inter-SemiBoldItalic.otf */; };
		A96139DE219D43A7BD3CFCFE /* PlayfairDisplay-Bold.ttf in Resources */ = {isa = PBXBuildFile; fileRef = AC537D5CFE6C4DFCB2EE5C51 /* PlayfairDisplay-Bold.ttf */; };
		ACA8875BD4DB49EBB9E4DCE4 /* PlayfairDisplay-SemiBold.ttf in Resources */ = {isa = PBXBuildFile; fileRef = 538B2FD7B0024F6784EBA747 /* PlayfairDisplay-SemiBold.ttf */; };
		B2908795B45049118E2EBC3B /* Inter-ExtraBold.otf in Resources */ = {isa = PBXBuildFile; fileRef = 4EAEDF6F0E014437A4141FD9 /* Inter-ExtraBold.otf */; };
		C6EB133AA51C43C3B73FDAA3 /* PlayfairDisplay-BlackItalic.ttf in Resources */ = {isa = PBXBuildFile; fileRef = 67F60C175B7347FEB70B55A2 /* PlayfairDisplay-BlackItalic.ttf */; };
		CCD2F0BB9DDD44BABE6BD907 /* PlayfairDisplay-SemiBoldItalic.ttf in Resources */ = {isa = PBXBuildFile; fileRef = D9D1000336E14E51B4CBCF26 /* PlayfairDisplay-SemiBoldItalic.ttf */; };
		DB21980DFF3C0ACFD97FF621 /* PrivacyInfo.xcprivacy in Resources */ = {isa = PBXBuildFile; fileRef = 13B07FB81A68108700A75B9A /* PrivacyInfo.xcprivacy */; };
		E37C34CC34704FA18B13D2BC /* PlayfairDisplay-Medium.ttf in Resources */ = {isa = PBXBuildFile; fileRef = 292E258E17CB4A2BABBF6ECC /* PlayfairDisplay-Medium.ttf */; };
		EAC5E358AE6B4395BF287F63 /* Inter-ExtraBoldItalic.otf in Resources */ = {isa = PBXBuildFile; fileRef = 8E79F7483D1D42BF8BDDE162 /* Inter-ExtraBoldItalic.otf */; };
		F13CA70FDAE74B2886A8CB1F /* Inter-Thin-BETA.otf in Resources */ = {isa = PBXBuildFile; fileRef = F9A074FA531244DAB72412F9 /* Inter-Thin-BETA.otf */; };
		FC5CCD126BC64737B1589CA2 /* PlayfairDisplay-Italic.ttf in Resources */ = {isa = PBXBuildFile; fileRef = FAB67CA34168483BBD35A0EB /* PlayfairDisplay-Italic.ttf */; };
/* End PBXBuildFile section */

/* Begin PBXFileReference section */
		0EFFF468FE88488DB8F23AE1 /* Inter-BlackItalic.otf */ = {isa = PBXFileReference; explicitFileType = undefined; fileEncoding = undefined; includeInIndex = 0; lastKnownFileType = unknown; name = "Inter-BlackItalic.otf"; path = "../src/assets/fonts/Inter-BlackItalic.otf"; sourceTree = "<group>"; };
		13B07F961A680F5B00A75B9A /* Lunara.app */ = {isa = PBXFileReference; explicitFileType = wrapper.application; includeInIndex = 0; path = Lunara.app; sourceTree = BUILT_PRODUCTS_DIR; };
		13B07FB51A68108700A75B9A /* Images.xcassets */ = {isa = PBXFileReference; lastKnownFileType = folder.assetcatalog; name = Images.xcassets; path = Lunara/Images.xcassets; sourceTree = "<group>"; };
		13B07FB61A68108700A75B9A /* Info.plist */ = {isa = PBXFileReference; fileEncoding = 4; lastKnownFileType = text.plist.xml; name = Info.plist; path = Lunara/Info.plist; sourceTree = "<group>"; };
		13B07FB81A68108700A75B9A /* PrivacyInfo.xcprivacy */ = {isa = PBXFileReference; fileEncoding = 4; lastKnownFileType = text.plist.xml; name = PrivacyInfo.xcprivacy; path = Lunara/PrivacyInfo.xcprivacy; sourceTree = "<group>"; };
		1CEDA5303E60494CB5C69BCD /* Inter-LightItalic-BETA.otf */ = {isa = PBXFileReference; explicitFileType = undefined; fileEncoding = undefined; includeInIndex = 0; lastKnownFileType = unknown; name = "Inter-LightItalic-BETA.otf"; path = "../src/assets/fonts/Inter-LightItalic-BETA.otf"; sourceTree = "<group>"; };
		292E258E17CB4A2BABBF6ECC /* PlayfairDisplay-Medium.ttf */ = {isa = PBXFileReference; explicitFileType = undefined; fileEncoding = undefined; includeInIndex = 0; lastKnownFileType = unknown; name = "PlayfairDisplay-Medium.ttf"; path = "../src/assets/fonts/PlayfairDisplay-Medium.ttf"; sourceTree = "<group>"; };
		30973BF730194C20B16C6647 /* PlayfairDisplay-ExtraBoldItalic.ttf */ = {isa = PBXFileReference; explicitFileType = undefined; fileEncoding = undefined; includeInIndex = 0; lastKnownFileType = unknown; name = "PlayfairDisplay-ExtraBoldItalic.ttf"; path = "../src/assets/fonts/PlayfairDisplay-ExtraBoldItalic.ttf"; sourceTree = "<group>"; };
		3B4392A12AC88292D35C810B /* Pods-Lunara.debug.xcconfig */ = {isa = PBXFileReference; includeInIndex = 1; lastKnownFileType = text.xcconfig; name = "Pods-Lunara.debug.xcconfig"; path = "Target Support Files/Pods-Lunara/Pods-Lunara.debug.xcconfig"; sourceTree = "<group>"; };
		4A0A43E84C0B4E71BAF35DC2 /* PlayfairDisplay-ExtraBold.ttf */ = {isa = PBXFileReference; explicitFileType = undefined; fileEncoding = undefined; includeInIndex = 0; lastKnownFileType = unknown; name = "PlayfairDisplay-ExtraBold.ttf"; path = "../src/assets/fonts/PlayfairDisplay-ExtraBold.ttf"; sourceTree = "<group>"; };
		4A4F1D54E9C442D4AA0F2E41 /* PlayfairDisplay-MediumItalic.ttf */ = {isa = PBXFileReference; explicitFileType = undefined; fileEncoding = undefined; includeInIndex = 0; lastKnownFileType = unknown; name = "PlayfairDisplay-MediumItalic.ttf"; path = "../src/assets/fonts/PlayfairDisplay-MediumItalic.ttf"; sourceTree = "<group>"; };
		4EAEDF6F0E014437A4141FD9 /* Inter-ExtraBold.otf */ = {isa = PBXFileReference; explicitFileType = undefined; fileEncoding = undefined; includeInIndex = 0; lastKnownFileType = unknown; name = "Inter-ExtraBold.otf"; path = "../src/assets/fonts/Inter-ExtraBold.otf"; sourceTree = "<group>"; };
		538B2FD7B0024F6784EBA747 /* PlayfairDisplay-SemiBold.ttf */ = {isa = PBXFileReference; explicitFileType = undefined; fileEncoding = undefined; includeInIndex = 0; lastKnownFileType = unknown; name = "PlayfairDisplay-SemiBold.ttf"; path = "../src/assets/fonts/PlayfairDisplay-SemiBold.ttf"; sourceTree = "<group>"; };
		540C56D7328E42F48C03CD12 /* Inter-MediumItalic.otf */ = {isa = PBXFileReference; explicitFileType = undefined; fileEncoding = undefined; includeInIndex = 0; lastKnownFileType = unknown; name = "Inter-MediumItalic.otf"; path = "../src/assets/fonts/Inter-MediumItalic.otf"; sourceTree = "<group>"; };
		5709B34CF0A7D63546082F79 /* Pods-Lunara.release.xcconfig */ = {isa = PBXFileReference; includeInIndex = 1; lastKnownFileType = text.xcconfig; name = "Pods-Lunara.release.xcconfig"; path = "Target Support Files/Pods-Lunara/Pods-Lunara.release.xcconfig"; sourceTree = "<group>"; };
		5DCACB8F33CDC322A6C60F78 /* libPods-Lunara.a */ = {isa = PBXFileReference; explicitFileType = archive.ar; includeInIndex = 0; path = "libPods-Lunara.a"; sourceTree = BUILT_PRODUCTS_DIR; };
		67F60C175B7347FEB70B55A2 /* PlayfairDisplay-BlackItalic.ttf */ = {isa = PBXFileReference; explicitFileType = undefined; fileEncoding = undefined; includeInIndex = 0; lastKnownFileType = unknown; name = "PlayfairDisplay-BlackItalic.ttf"; path = "../src/assets/fonts/PlayfairDisplay-BlackItalic.ttf"; sourceTree = "<group>"; };
		6812F93C75D94AB7985B8C2B /* PlayfairDisplay-Black.ttf */ = {isa = PBXFileReference; explicitFileType = undefined; fileEncoding = undefined; includeInIndex = 0; lastKnownFileType = unknown; name = "PlayfairDisplay-Black.ttf"; path = "../src/assets/fonts/PlayfairDisplay-Black.ttf"; sourceTree = "<group>"; };
		713DB0D9ECF74A389F763F1A /* Inter-Light-BETA.otf */ = {isa = PBXFileReference; explicitFileType = undefined; fileEncoding = undefined; includeInIndex = 0; lastKnownFileType = unknown; name = "Inter-Light-BETA.otf"; path = "../src/assets/fonts/Inter-Light-BETA.otf"; sourceTree = "<group>"; };
		761780EC2CA45674006654EE /* AppDelegate.swift */ = {isa = PBXFileReference; lastKnownFileType = sourcecode.swift; name = AppDelegate.swift; path = Lunara/AppDelegate.swift; sourceTree = "<group>"; };
		7CAC49034DF841B6B3F08C4A /* Inter-Italic.otf */ = {isa = PBXFileReference; explicitFileType = undefined; fileEncoding = undefined; includeInIndex = 0; lastKnownFileType = unknown; name = "Inter-Italic.otf"; path = "../src/assets/fonts/Inter-Italic.otf"; sourceTree = "<group>"; };
		81AB9BB72411601600AC10FF /* LaunchScreen.storyboard */ = {isa = PBXFileReference; fileEncoding = 4; lastKnownFileType = file.storyboard; name = LaunchScreen.storyboard; path = Lunara/LaunchScreen.storyboard; sourceTree = "<group>"; };
		88779559CC0046629AF2CBE4 /* PlayfairDisplay-BoldItalic.ttf */ = {isa = PBXFileReference; explicitFileType = undefined; fileEncoding = undefined; includeInIndex = 0; lastKnownFileType = unknown; name = "PlayfairDisplay-BoldItalic.ttf"; path = "../src/assets/fonts/PlayfairDisplay-BoldItalic.ttf"; sourceTree = "<group>"; };
		8C9914B58DA343AF933A8062 /* Inter-Regular.otf */ = {isa = PBXFileReference; explicitFileType = undefined; fileEncoding = undefined; includeInIndex = 0; lastKnownFileType = unknown; name = "Inter-Regular.otf"; path = "../src/assets/fonts/Inter-Regular.otf"; sourceTree = "<group>"; };
		8E79F7483D1D42BF8BDDE162 /* Inter-ExtraBoldItalic.otf */ = {isa = PBXFileReference; explicitFileType = undefined; fileEncoding = undefined; includeInIndex = 0; lastKnownFileType = unknown; name = "Inter-ExtraBoldItalic.otf"; path = "../src/assets/fonts/Inter-ExtraBoldItalic.otf"; sourceTree = "<group>"; };
		988E28DB6B56435882B3F618 /* Inter-ExtraLightItalic-BETA.otf */ = {isa = PBXFileReference; explicitFileType = undefined; fileEncoding = undefined; includeInIndex = 0; lastKnownFileType = unknown; name = "Inter-ExtraLightItalic-BETA.otf"; path = "../src/assets/fonts/Inter-ExtraLightItalic-BETA.otf"; sourceTree = "<group>"; };
		A5F344312669489CA373FDEB /* PlayfairDisplay-Regular.ttf */ = {isa = PBXFileReference; explicitFileType = undefined; fileEncoding = undefined; includeInIndex = 0; lastKnownFileType = unknown; name = "PlayfairDisplay-Regular.ttf"; path = "../src/assets/fonts/PlayfairDisplay-Regular.ttf"; sourceTree = "<group>"; };
		AC537D5CFE6C4DFCB2EE5C51 /* PlayfairDisplay-Bold.ttf */ = {isa = PBXFileReference; explicitFileType = undefined; fileEncoding = undefined; includeInIndex = 0; lastKnownFileType = unknown; name = "PlayfairDisplay-Bold.ttf"; path = "../src/assets/fonts/PlayfairDisplay-Bold.ttf"; sourceTree = "<group>"; };
		B2B81738A770442BB6CF353D /* Inter-Bold.otf */ = {isa = PBXFileReference; explicitFileType = undefined; fileEncoding = undefined; includeInIndex = 0; lastKnownFileType = unknown; name = "Inter-Bold.otf"; path = "../src/assets/fonts/Inter-Bold.otf"; sourceTree = "<group>"; };
		B60FEC6AE60D425F8DCD2CF9 /* Inter-BoldItalic.otf */ = {isa = PBXFileReference; explicitFileType = undefined; fileEncoding = undefined; includeInIndex = 0; lastKnownFileType = unknown; name = "Inter-BoldItalic.otf"; path = "../src/assets/fonts/Inter-BoldItalic.otf"; sourceTree = "<group>"; };
		BDC2F6449B9D44C781BAAC5D /* Inter-SemiBoldItalic.otf */ = {isa = PBXFileReference; explicitFileType = undefined; fileEncoding = undefined; includeInIndex = 0; lastKnownFileType = unknown; name = "Inter-SemiBoldItalic.otf"; path = "../src/assets/fonts/Inter-SemiBoldItalic.otf"; sourceTree = "<group>"; };
		C2AB525514DF4EB28032521B /* Inter-Medium.otf */ = {isa = PBXFileReference; explicitFileType = undefined; fileEncoding = undefined; includeInIndex = 0; lastKnownFileType = unknown; name = "Inter-Medium.otf"; path = "../src/assets/fonts/Inter-Medium.otf"; sourceTree = "<group>"; };
		CE7EF11100C34B15869C725A /* Inter-ThinItalic-BETA.otf */ = {isa = PBXFileReference; explicitFileType = undefined; fileEncoding = undefined; includeInIndex = 0; lastKnownFileType = unknown; name = "Inter-ThinItalic-BETA.otf"; path = "../src/assets/fonts/Inter-ThinItalic-BETA.otf"; sourceTree = "<group>"; };
		D10F35B3930B47D7AA363660 /* Inter-SemiBold.otf */ = {isa = PBXFileReference; explicitFileType = undefined; fileEncoding = undefined; includeInIndex = 0; lastKnownFileType = unknown; name = "Inter-SemiBold.otf"; path = "../src/assets/fonts/Inter-SemiBold.otf"; sourceTree = "<group>"; };
		D9D1000336E14E51B4CBCF26 /* PlayfairDisplay-SemiBoldItalic.ttf */ = {isa = PBXFileReference; explicitFileType = undefined; fileEncoding = undefined; includeInIndex = 0; lastKnownFileType = unknown; name = "PlayfairDisplay-SemiBoldItalic.ttf"; path = "../src/assets/fonts/PlayfairDisplay-SemiBoldItalic.ttf"; sourceTree = "<group>"; };
		ED297162215061F000B7C4FE /* JavaScriptCore.framework */ = {isa = PBXFileReference; lastKnownFileType = wrapper.framework; name = JavaScriptCore.framework; path = System/Library/Frameworks/JavaScriptCore.framework; sourceTree = SDKROOT; };
		F9A074FA531244DAB72412F9 /* Inter-Thin-BETA.otf */ = {isa = PBXFileReference; explicitFileType = undefined; fileEncoding = undefined; includeInIndex = 0; lastKnownFileType = unknown; name = "Inter-Thin-BETA.otf"; path = "../src/assets/fonts/Inter-Thin-BETA.otf"; sourceTree = "<group>"; };
		FAB67CA34168483BBD35A0EB /* PlayfairDisplay-Italic.ttf */ = {isa = PBXFileReference; explicitFileType = undefined; fileEncoding = undefined; includeInIndex = 0; lastKnownFileType = unknown; name = "PlayfairDisplay-Italic.ttf"; path = "../src/assets/fonts/PlayfairDisplay-Italic.ttf"; sourceTree = "<group>"; };
		FC786A7F45D34E64887BF2E0 /* Inter-ExtraLight-BETA.otf */ = {isa = PBXFileReference; explicitFileType = undefined; fileEncoding = undefined; includeInIndex = 0; lastKnownFileType = unknown; name = "Inter-ExtraLight-BETA.otf"; path = "../src/assets/fonts/Inter-ExtraLight-BETA.otf"; sourceTree = "<group>"; };
		FD916450D3FE42F280A9081B /* Inter-Black.otf */ = {isa = PBXFileReference; explicitFileType = undefined; fileEncoding = undefined; includeInIndex = 0; lastKnownFileType = unknown; name = "Inter-Black.otf"; path = "../src/assets/fonts/Inter-Black.otf"; sourceTree = "<group>"; };
/* End PBXFileReference section */

/* Begin PBXFrameworksBuildPhase section */
		13B07F8C1A680F5B00A75B9A /* Frameworks */ = {
			isa = PBXFrameworksBuildPhase;
			buildActionMask = 2147483647;
			files = (
				0C80B921A6F3F58F76C31292 /* libPods-Lunara.a in Frameworks */,
			);
			runOnlyForDeploymentPostprocessing = 0;
		};
/* End PBXFrameworksBuildPhase section */

/* Begin PBXGroup section */
		13B07FAE1A68108700A75B9A /* Lunara */ = {
			isa = PBXGroup;
			children = (
				13B07FB51A68108700A75B9A /* Images.xcassets */,
				761780EC2CA45674006654EE /* AppDelegate.swift */,
				13B07FB61A68108700A75B9A /* Info.plist */,
				81AB9BB72411601600AC10FF /* LaunchScreen.storyboard */,
				13B07FB81A68108700A75B9A /* PrivacyInfo.xcprivacy */,
			);
			name = Lunara;
			sourceTree = "<group>";
		};
		2D16E6871FA4F8E400B85C8A /* Frameworks */ = {
			isa = PBXGroup;
			children = (
				ED297162215061F000B7C4FE /* JavaScriptCore.framework */,
				5DCACB8F33CDC322A6C60F78 /* libPods-Lunara.a */,
			);
			name = Frameworks;
			sourceTree = "<group>";
		};
		796F1264FE6C44849782C7CD /* Resources */ = {
			isa = PBXGroup;
			children = (
				FD916450D3FE42F280A9081B /* Inter-Black.otf */,
				0EFFF468FE88488DB8F23AE1 /* Inter-BlackItalic.otf */,
				B2B81738A770442BB6CF353D /* Inter-Bold.otf */,
				B60FEC6AE60D425F8DCD2CF9 /* Inter-BoldItalic.otf */,
				4EAEDF6F0E014437A4141FD9 /* Inter-ExtraBold.otf */,
				8E79F7483D1D42BF8BDDE162 /* Inter-ExtraBoldItalic.otf */,
				FC786A7F45D34E64887BF2E0 /* Inter-ExtraLight-BETA.otf */,
				988E28DB6B56435882B3F618 /* Inter-ExtraLightItalic-BETA.otf */,
				7CAC49034DF841B6B3F08C4A /* Inter-Italic.otf */,
				713DB0D9ECF74A389F763F1A /* Inter-Light-BETA.otf */,
				1CEDA5303E60494CB5C69BCD /* Inter-LightItalic-BETA.otf */,
				C2AB525514DF4EB28032521B /* Inter-Medium.otf */,
				540C56D7328E42F48C03CD12 /* Inter-MediumItalic.otf */,
				8C9914B58DA343AF933A8062 /* Inter-Regular.otf */,
				D10F35B3930B47D7AA363660 /* Inter-SemiBold.otf */,
				BDC2F6449B9D44C781BAAC5D /* Inter-SemiBoldItalic.otf */,
				F9A074FA531244DAB72412F9 /* Inter-Thin-BETA.otf */,
				CE7EF11100C34B15869C725A /* Inter-ThinItalic-BETA.otf */,
				6812F93C75D94AB7985B8C2B /* PlayfairDisplay-Black.ttf */,
				67F60C175B7347FEB70B55A2 /* PlayfairDisplay-BlackItalic.ttf */,
				AC537D5CFE6C4DFCB2EE5C51 /* PlayfairDisplay-Bold.ttf */,
				88779559CC0046629AF2CBE4 /* PlayfairDisplay-BoldItalic.ttf */,
				4A0A43E84C0B4E71BAF35DC2 /* PlayfairDisplay-ExtraBold.ttf */,
				30973BF730194C20B16C6647 /* PlayfairDisplay-ExtraBoldItalic.ttf */,
				FAB67CA34168483BBD35A0EB /* PlayfairDisplay-Italic.ttf */,
				292E258E17CB4A2BABBF6ECC /* PlayfairDisplay-Medium.ttf */,
				4A4F1D54E9C442D4AA0F2E41 /* PlayfairDisplay-MediumItalic.ttf */,
				A5F344312669489CA373FDEB /* PlayfairDisplay-Regular.ttf */,
				538B2FD7B0024F6784EBA747 /* PlayfairDisplay-SemiBold.ttf */,
				D9D1000336E14E51B4CBCF26 /* PlayfairDisplay-SemiBoldItalic.ttf */,
			);
			name = Resources;
			path = "";
			sourceTree = "<group>";
		};
		832341AE1AAA6A7D00B99B32 /* Libraries */ = {
			isa = PBXGroup;
			children = (
			);
			name = Libraries;
			sourceTree = "<group>";
		};
		83CBB9F61A601CBA00E9B192 = {
			isa = PBXGroup;
			children = (
				13B07FAE1A68108700A75B9A /* Lunara */,
				832341AE1AAA6A7D00B99B32 /* Libraries */,
				83CBBA001A601CBA00E9B192 /* Products */,
				2D16E6871FA4F8E400B85C8A /* Frameworks */,
				BBD78D7AC51CEA395F1C20DB /* Pods */,
				796F1264FE6C44849782C7CD /* Resources */,
			);
			indentWidth = 2;
			sourceTree = "<group>";
			tabWidth = 2;
			usesTabs = 0;
		};
		83CBBA001A601CBA00E9B192 /* Products */ = {
			isa = PBXGroup;
			children = (
				13B07F961A680F5B00A75B9A /* Lunara.app */,
			);
			name = Products;
			sourceTree = "<group>";
		};
		BBD78D7AC51CEA395F1C20DB /* Pods */ = {
			isa = PBXGroup;
			children = (
				3B4392A12AC88292D35C810B /* Pods-Lunara.debug.xcconfig */,
				5709B34CF0A7D63546082F79 /* Pods-Lunara.release.xcconfig */,
			);
			path = Pods;
			sourceTree = "<group>";
		};
/* End PBXGroup section */

/* Begin PBXNativeTarget section */
		13B07F861A680F5B00A75B9A /* Lunara */ = {
			isa = PBXNativeTarget;
			buildConfigurationList = 13B07F931A680F5B00A75B9A /* Build configuration list for PBXNativeTarget "Lunara" */;
			buildPhases = (
				C38B50BA6285516D6DCD4F65 /* [CP] Check Pods Manifest.lock */,
				13B07F871A680F5B00A75B9A /* Sources */,
				13B07F8C1A680F5B00A75B9A /* Frameworks */,
				13B07F8E1A680F5B00A75B9A /* Resources */,
				00DD1BFF1BD5951E006B06BC /* Bundle React Native code and images */,
				00EEFC60759A1932668264C0 /* [CP] Embed Pods Frameworks */,
				E235C05ADACE081382539298 /* [CP] Copy Pods Resources */,
			);
			buildRules = (
			);
			dependencies = (
			);
			name = Lunara;
			productName = Lunara;
			productReference = 13B07F961A680F5B00A75B9A /* Lunara.app */;
			productType = "com.apple.product-type.application";
		};
/* End PBXNativeTarget section */

/* Begin PBXProject section */
		83CBB9F71A601CBA00E9B192 /* Project object */ = {
			isa = PBXProject;
			attributes = {
				LastUpgradeCheck = 1210;
				TargetAttributes = {
					13B07F861A680F5B00A75B9A = {
						LastSwiftMigration = 1120;
					};
				};
			};
			buildConfigurationList = 83CBB9FA1A601CBA00E9B192 /* Build configuration list for PBXProject "Lunara" */;
			compatibilityVersion = "Xcode 12.0";
			developmentRegion = en;
			hasScannedForEncodings = 0;
			knownRegions = (
				en,
				Base,
			);
			mainGroup = 83CBB9F61A601CBA00E9B192;
			productRefGroup = 83CBBA001A601CBA00E9B192 /* Products */;
			projectDirPath = "";
			projectRoot = "";
			targets = (
				13B07F861A680F5B00A75B9A /* Lunara */,
			);
		};
/* End PBXProject section */

/* Begin PBXResourcesBuildPhase section */
		13B07F8E1A680F5B00A75B9A /* Resources */ = {
			isa = PBXResourcesBuildPhase;
			buildActionMask = 2147483647;
			files = (
				81AB9BB82411601600AC10FF /* LaunchScreen.storyboard in Resources */,
				13B07FBF1A68108700A75B9A /* Images.xcassets in Resources */,
				8C1A6F3EC21249BBA6D92F3F /* Inter-Black.otf in Resources */,
				5BEF968896C74BE19CD4B40E /* Inter-BlackItalic.otf in Resources */,
				75C0CD91DAF843B4AF2F9F48 /* Inter-Bold.otf in Resources */,
				9432FD6D98394AD591D1117D /* Inter-BoldItalic.otf in Resources */,
				B2908795B45049118E2EBC3B /* Inter-ExtraBold.otf in Resources */,
				EAC5E358AE6B4395BF287F63 /* Inter-ExtraBoldItalic.otf in Resources */,
				2C59A14660DA48909F5AB55E /* Inter-ExtraLight-BETA.otf in Resources */,
				111DD4E9921A44ED8B5CEFEF /* Inter-ExtraLightItalic-BETA.otf in Resources */,
				57449E1640684152A2576453 /* Inter-Italic.otf in Resources */,
				062CB2016DB24A48BD3D7839 /* Inter-Light-BETA.otf in Resources */,
				7AAA2C179DDF45BF81ED99C1 /* Inter-LightItalic-BETA.otf in Resources */,
				34D42116D68C4FE6B4729367 /* Inter-Medium.otf in Resources */,
				29C8030CE4BD4F72B9D353B6 /* Inter-MediumItalic.otf in Resources */,
				3A50B81DBC2C45438C2FD068 /* Inter-Regular.otf in Resources */,
				3650846F46E349A89CD4E5BC /* Inter-SemiBold.otf in Resources */,
				A149CBE4BD1746338C8376C1 /* Inter-SemiBoldItalic.otf in Resources */,
				F13CA70FDAE74B2886A8CB1F /* Inter-Thin-BETA.otf in Resources */,
				010EB2B958B94147BBC5D76D /* Inter-ThinItalic-BETA.otf in Resources */,
				9DB81A109C7D404AB1633D7F /* PlayfairDisplay-Black.ttf in Resources */,
				C6EB133AA51C43C3B73FDAA3 /* PlayfairDisplay-BlackItalic.ttf in Resources */,
				A96139DE219D43A7BD3CFCFE /* PlayfairDisplay-Bold.ttf in Resources */,
				88488957452D41CCAB98FEB4 /* PlayfairDisplay-BoldItalic.ttf in Resources */,
				752AA834D0DC4DE583B242C7 /* PlayfairDisplay-ExtraBold.ttf in Resources */,
				8CDF9A20EF0F4578AA2DFE94 /* PlayfairDisplay-ExtraBoldItalic.ttf in Resources */,
				FC5CCD126BC64737B1589CA2 /* PlayfairDisplay-Italic.ttf in Resources */,
				E37C34CC34704FA18B13D2BC /* PlayfairDisplay-Medium.ttf in Resources */,
				33A2DD5C2889414DB0B5FBC5 /* PlayfairDisplay-MediumItalic.ttf in Resources */,
				418F9B24E4C647378F0253B1 /* PlayfairDisplay-Regular.ttf in Resources */,
				ACA8875BD4DB49EBB9E4DCE4 /* PlayfairDisplay-SemiBold.ttf in Resources */,
				CCD2F0BB9DDD44BABE6BD907 /* PlayfairDisplay-SemiBoldItalic.ttf in Resources */,
				DB21980DFF3C0ACFD97FF621 /* PrivacyInfo.xcprivacy in Resources */,
			);
			runOnlyForDeploymentPostprocessing = 0;
		};
/* End PBXResourcesBuildPhase section */

/* Begin PBXShellScriptBuildPhase section */
		00DD1BFF1BD5951E006B06BC /* Bundle React Native code and images */ = {
			isa = PBXShellScriptBuildPhase;
			buildActionMask = 2147483647;
			files = (
			);
			inputPaths = (
				"$(SRCROOT)/.xcode.env.local",
				"$(SRCROOT)/.xcode.env",
			);
			name = "Bundle React Native code and images";
			outputPaths = (
			);
			runOnlyForDeploymentPostprocessing = 0;
			shellPath = /bin/sh;
			shellScript = "set -e\n\nWITH_ENVIRONMENT=\"$REACT_NATIVE_PATH/scripts/xcode/with-environment.sh\"\nREACT_NATIVE_XCODE=\"$REACT_NATIVE_PATH/scripts/react-native-xcode.sh\"\n\n/bin/sh -c \"$WITH_ENVIRONMENT $REACT_NATIVE_XCODE\"\n";
		};
		00EEFC60759A1932668264C0 /* [CP] Embed Pods Frameworks */ = {
			isa = PBXShellScriptBuildPhase;
			buildActionMask = 2147483647;
			files = (
			);
			inputFileListPaths = (
				"${PODS_ROOT}/Target Support Files/Pods-Lunara/Pods-Lunara-frameworks-${CONFIGURATION}-input-files.xcfilelist",
			);
			name = "[CP] Embed Pods Frameworks";
			outputFileListPaths = (
				"${PODS_ROOT}/Target Support Files/Pods-Lunara/Pods-Lunara-frameworks-${CONFIGURATION}-output-files.xcfilelist",
			);
			runOnlyForDeploymentPostprocessing = 0;
			shellPath = /bin/sh;
			shellScript = "\"${PODS_ROOT}/Target Support Files/Pods-Lunara/Pods-Lunara-frameworks.sh\"\n";
			showEnvVarsInLog = 0;
		};
		C38B50BA6285516D6DCD4F65 /* [CP] Check Pods Manifest.lock */ = {
			isa = PBXShellScriptBuildPhase;
			buildActionMask = 2147483647;
			files = (
			);
			inputFileListPaths = (
			);
			inputPaths = (
				"${PODS_PODFILE_DIR_PATH}/Podfile.lock",
				"${PODS_ROOT}/Manifest.lock",
			);
			name = "[CP] Check Pods Manifest.lock";
			outputFileListPaths = (
			);
			outputPaths = (
				"$(DERIVED_FILE_DIR)/Pods-Lunara-checkManifestLockResult.txt",
			);
			runOnlyForDeploymentPostprocessing = 0;
			shellPath = /bin/sh;
			shellScript = "diff \"${PODS_PODFILE_DIR_PATH}/Podfile.lock\" \"${PODS_ROOT}/Manifest.lock\" > /dev/null\nif [ $? != 0 ] ; then\n    # print error to STDERR\n    echo \"error: The sandbox is not in sync with the Podfile.lock. Run 'pod install' or update your CocoaPods installation.\" >&2\n    exit 1\nfi\n# This output is used by Xcode 'outputs' to avoid re-running this script phase.\necho \"SUCCESS\" > \"${SCRIPT_OUTPUT_FILE_0}\"\n";
			showEnvVarsInLog = 0;
		};
		E235C05ADACE081382539298 /* [CP] Copy Pods Resources */ = {
			isa = PBXShellScriptBuildPhase;
			buildActionMask = 2147483647;
			files = (
			);
			inputFileListPaths = (
				"${PODS_ROOT}/Target Support Files/Pods-Lunara/Pods-Lunara-resources-${CONFIGURATION}-input-files.xcfilelist",
			);
			name = "[CP] Copy Pods Resources";
			outputFileListPaths = (
				"${PODS_ROOT}/Target Support Files/Pods-Lunara/Pods-Lunara-resources-${CONFIGURATION}-output-files.xcfilelist",
			);
			runOnlyForDeploymentPostprocessing = 0;
			shellPath = /bin/sh;
			shellScript = "\"${PODS_ROOT}/Target Support Files/Pods-Lunara/Pods-Lunara-resources.sh\"\n";
			showEnvVarsInLog = 0;
		};
/* End PBXShellScriptBuildPhase section */

/* Begin PBXSourcesBuildPhase section */
		13B07F871A680F5B00A75B9A /* Sources */ = {
			isa = PBXSourcesBuildPhase;
			buildActionMask = 2147483647;
			files = (
				761780ED2CA45674006654EE /* AppDelegate.swift in Sources */,
			);
			runOnlyForDeploymentPostprocessing = 0;
		};
/* End PBXSourcesBuildPhase section */

/* Begin XCBuildConfiguration section */
		13B07F941A680F5B00A75B9A /* Debug */ = {
			isa = XCBuildConfiguration;
			baseConfigurationReference = 3B4392A12AC88292D35C810B /* Pods-Lunara.debug.xcconfig */;
			buildSettings = {
				ASSETCATALOG_COMPILER_APPICON_NAME = AppIcon;
				CLANG_ENABLE_MODULES = YES;
				CURRENT_PROJECT_VERSION = 1;
				ENABLE_BITCODE = NO;
				INFOPLIST_FILE = Lunara/Info.plist;
				IPHONEOS_DEPLOYMENT_TARGET = 15.1;
				LD_RUNPATH_SEARCH_PATHS = (
					"$(inherited)",
					"@executable_path/Frameworks",
				);
				MARKETING_VERSION = 1.0;
				OTHER_LDFLAGS = (
					"$(inherited)",
					"-ObjC",
					"-lc++",
				);
				PRODUCT_BUNDLE_IDENTIFIER = "org.reactjs.native.example.$(PRODUCT_NAME:rfc1034identifier)";
				PRODUCT_NAME = Lunara;
				SWIFT_OPTIMIZATION_LEVEL = "-Onone";
				SWIFT_VERSION = 5.0;
				VERSIONING_SYSTEM = "apple-generic";
			};
			name = Debug;
		};
		13B07F951A680F5B00A75B9A /* Release */ = {
			isa = XCBuildConfiguration;
			baseConfigurationReference = 5709B34CF0A7D63546082F79 /* Pods-Lunara.release.xcconfig */;
			buildSettings = {
				ASSETCATALOG_COMPILER_APPICON_NAME = AppIcon;
				CLANG_ENABLE_MODULES = YES;
				CURRENT_PROJECT_VERSION = 1;
				INFOPLIST_FILE = Lunara/Info.plist;
				IPHONEOS_DEPLOYMENT_TARGET = 15.1;
				LD_RUNPATH_SEARCH_PATHS = (
					"$(inherited)",
					"@executable_path/Frameworks",
				);
				MARKETING_VERSION = 1.0;
				OTHER_LDFLAGS = (
					"$(inherited)",
					"-ObjC",
					"-lc++",
				);
				PRODUCT_BUNDLE_IDENTIFIER = "org.reactjs.native.example.$(PRODUCT_NAME:rfc1034identifier)";
				PRODUCT_NAME = Lunara;
				SWIFT_VERSION = 5.0;
				VERSIONING_SYSTEM = "apple-generic";
			};
			name = Release;
		};
		83CBBA201A601CBA00E9B192 /* Debug */ = {
			isa = XCBuildConfiguration;
			buildSettings = {
				ALWAYS_SEARCH_USER_PATHS = NO;
				CLANG_ANALYZER_LOCALIZABILITY_NONLOCALIZED = YES;
				CLANG_CXX_LANGUAGE_STANDARD = "c++20";
				CLANG_CXX_LIBRARY = "libc++";
				CLANG_ENABLE_MODULES = YES;
				CLANG_ENABLE_OBJC_ARC = YES;
				CLANG_WARN_BLOCK_CAPTURE_AUTORELEASING = YES;
				CLANG_WARN_BOOL_CONVERSION = YES;
				CLANG_WARN_COMMA = YES;
				CLANG_WARN_CONSTANT_CONVERSION = YES;
				CLANG_WARN_DEPRECATED_OBJC_IMPLEMENTATIONS = YES;
				CLANG_WARN_DIRECT_OBJC_ISA_USAGE = YES_ERROR;
				CLANG_WARN_EMPTY_BODY = YES;
				CLANG_WARN_ENUM_CONVERSION = YES;
				CLANG_WARN_INFINITE_RECURSION = YES;
				CLANG_WARN_INT_CONVERSION = YES;
				CLANG_WARN_NON_LITERAL_NULL_CONVERSION = YES;
				CLANG_WARN_OBJC_IMPLICIT_RETAIN_SELF = YES;
				CLANG_WARN_OBJC_LITERAL_CONVERSION = YES;
				CLANG_WARN_OBJC_ROOT_CLASS = YES_ERROR;
				CLANG_WARN_QUOTED_INCLUDE_IN_FRAMEWORK_HEADER = YES;
				CLANG_WARN_RANGE_LOOP_ANALYSIS = YES;
				CLANG_WARN_STRICT_PROTOTYPES = YES;
				CLANG_WARN_SUSPICIOUS_MOVE = YES;
				CLANG_WARN_UNREACHABLE_CODE = YES;
				CLANG_WARN__DUPLICATE_METHOD_MATCH = YES;
				"CODE_SIGN_IDENTITY[sdk=iphoneos*]" = "iPhone Developer";
				COPY_PHASE_STRIP = NO;
				ENABLE_STRICT_OBJC_MSGSEND = YES;
				ENABLE_TESTABILITY = YES;
				"EXCLUDED_ARCHS[sdk=iphonesimulator*]" = "";
				GCC_C_LANGUAGE_STANDARD = gnu99;
				GCC_DYNAMIC_NO_PIC = NO;
				GCC_NO_COMMON_BLOCKS = YES;
				GCC_OPTIMIZATION_LEVEL = 0;
				GCC_PREPROCESSOR_DEFINITIONS = (
					"DEBUG=1",
					"$(inherited)",
				);
				GCC_SYMBOLS_PRIVATE_EXTERN = NO;
				GCC_WARN_64_TO_32_BIT_CONVERSION = YES;
				GCC_WARN_ABOUT_RETURN_TYPE = YES_ERROR;
				GCC_WARN_UNDECLARED_SELECTOR = YES;
				GCC_WARN_UNINITIALIZED_AUTOS = YES_AGGRESSIVE;
				GCC_WARN_UNUSED_FUNCTION = YES;
				GCC_WARN_UNUSED_VARIABLE = YES;
				IPHONEOS_DEPLOYMENT_TARGET = 15.1;
				LD_RUNPATH_SEARCH_PATHS = (
					/usr/lib/swift,
					"$(inherited)",
				);
				LIBRARY_SEARCH_PATHS = (
					"\"$(SDKROOT)/usr/lib/swift\"",
					"\"$(TOOLCHAIN_DIR)/usr/lib/swift/$(PLATFORM_NAME)\"",
					"\"$(inherited)\"",
				);
				MTL_ENABLE_DEBUG_INFO = YES;
				ONLY_ACTIVE_ARCH = YES;
				OTHER_CPLUSPLUSFLAGS = (
					"$(OTHER_CFLAGS)",
					"-DFOLLY_NO_CONFIG",
					"-DFOLLY_MOBILE=1",
					"-DFOLLY_USE_LIBCPP=1",
					"-DFOLLY_CFG_NO_COROUTINES=1",
					"-DFOLLY_HAVE_CLOCK_GETTIME=1",
				);
				REACT_NATIVE_PATH = "${PODS_ROOT}/../../node_modules/react-native";
				SDKROOT = iphoneos;
				SWIFT_ACTIVE_COMPILATION_CONDITIONS = "$(inherited) DEBUG";
				USE_HERMES = true;
			};
			name = Debug;
		};
		83CBBA211A601CBA00E9B192 /* Release */ = {
			isa = XCBuildConfiguration;
			buildSettings = {
				ALWAYS_SEARCH_USER_PATHS = NO;
				CLANG_ANALYZER_LOCALIZABILITY_NONLOCALIZED = YES;
				CLANG_CXX_LANGUAGE_STANDARD = "c++20";
				CLANG_CXX_LIBRARY = "libc++";
				CLANG_ENABLE_MODULES = YES;
				CLANG_ENABLE_OBJC_ARC = YES;
				CLANG_WARN_BLOCK_CAPTURE_AUTORELEASING = YES;
				CLANG_WARN_BOOL_CONVERSION = YES;
				CLANG_WARN_COMMA = YES;
				CLANG_WARN_CONSTANT_CONVERSION = YES;
				CLANG_WARN_DEPRECATED_OBJC_IMPLEMENTATIONS = YES;
				CLANG_WARN_DIRECT_OBJC_ISA_USAGE = YES_ERROR;
				CLANG_WARN_EMPTY_BODY = YES;
				CLANG_WARN_ENUM_CONVERSION = YES;
				CLANG_WARN_INFINITE_RECURSION = YES;
				CLANG_WARN_INT_CONVERSION = YES;
				CLANG_WARN_NON_LITERAL_NULL_CONVERSION = YES;
				CLANG_WARN_OBJC_IMPLICIT_RETAIN_SELF = YES;
				CLANG_WARN_OBJC_LITERAL_CONVERSION = YES;
				CLANG_WARN_OBJC_ROOT_CLASS = YES_ERROR;
				CLANG_WARN_QUOTED_INCLUDE_IN_FRAMEWORK_HEADER = YES;
				CLANG_WARN_RANGE_LOOP_ANALYSIS = YES;
				CLANG_WARN_STRICT_PROTOTYPES = YES;
				CLANG_WARN_SUSPICIOUS_MOVE = YES;
				CLANG_WARN_UNREACHABLE_CODE = YES;
				CLANG_WARN__DUPLICATE_METHOD_MATCH = YES;
				"CODE_SIGN_IDENTITY[sdk=iphoneos*]" = "iPhone Developer";
				COPY_PHASE_STRIP = YES;
				ENABLE_NS_ASSERTIONS = NO;
				ENABLE_STRICT_OBJC_MSGSEND = YES;
				"EXCLUDED_ARCHS[sdk=iphonesimulator*]" = "";
				GCC_C_LANGUAGE_STANDARD = gnu99;
				GCC_NO_COMMON_BLOCKS = YES;
				GCC_WARN_64_TO_32_BIT_CONVERSION = YES;
				GCC_WARN_ABOUT_RETURN_TYPE = YES_ERROR;
				GCC_WARN_UNDECLARED_SELECTOR = YES;
				GCC_WARN_UNINITIALIZED_AUTOS = YES_AGGRESSIVE;
				GCC_WARN_UNUSED_FUNCTION = YES;
				GCC_WARN_UNUSED_VARIABLE = YES;
				IPHONEOS_DEPLOYMENT_TARGET = 15.1;
				LD_RUNPATH_SEARCH_PATHS = (
					/usr/lib/swift,
					"$(inherited)",
				);
				LIBRARY_SEARCH_PATHS = (
					"\"$(SDKROOT)/usr/lib/swift\"",
					"\"$(TOOLCHAIN_DIR)/usr/lib/swift/$(PLATFORM_NAME)\"",
					"\"$(inherited)\"",
				);
				MTL_ENABLE_DEBUG_INFO = NO;
				OTHER_CPLUSPLUSFLAGS = (
					"$(OTHER_CFLAGS)",
					"-DFOLLY_NO_CONFIG",
					"-DFOLLY_MOBILE=1",
					"-DFOLLY_USE_LIBCPP=1",
					"-DFOLLY_CFG_NO_COROUTINES=1",
					"-DFOLLY_HAVE_CLOCK_GETTIME=1",
				);
				REACT_NATIVE_PATH = "${PODS_ROOT}/../../node_modules/react-native";
				SDKROOT = iphoneos;
				USE_HERMES = true;
				VALIDATE_PRODUCT = YES;
			};
			name = Release;
		};
/* End XCBuildConfiguration section */

/* Begin XCConfigurationList section */
		13B07F931A680F5B00A75B9A /* Build configuration list for PBXNativeTarget "Lunara" */ = {
			isa = XCConfigurationList;
			buildConfigurations = (
				13B07F941A680F5B00A75B9A /* Debug */,
				13B07F951A680F5B00A75B9A /* Release */,
			);
			defaultConfigurationIsVisible = 0;
			defaultConfigurationName = Release;
		};
		83CBB9FA1A601CBA00E9B192 /* Build configuration list for PBXProject "Lunara" */ = {
			isa = XCConfigurationList;
			buildConfigurations = (
				83CBBA201A601CBA00E9B192 /* Debug */,
				83CBBA211A601CBA00E9B192 /* Release */,
			);
			defaultConfigurationIsVisible = 0;
			defaultConfigurationName = Release;
		};
/* End XCConfigurationList section */
	};
	rootObject = 83CBB9F71A601CBA00E9B192 /* Project object */;
}
